// !$*UTF8*$!
{
	archiveVersion = 1;
	classes = {
	};
	objectVersion = 55;
	objects = {

/* Begin PBXBuildFile section */
		0555962527C81333002CD464 /* ApiCaller.swift in Sources */ = {isa = PBXBuildFile; fileRef = 0555962427C81333002CD464 /* ApiCaller.swift */; };
		0555962727C81854002CD464 /* Movie.swift in Sources */ = {isa = PBXBuildFile; fileRef = 0555962627C81854002CD464 /* Movie.swift */; };
		0555962927C81FC5002CD464 /* Extensions.swift in Sources */ = {isa = PBXBuildFile; fileRef = 0555962827C81FC5002CD464 /* Extensions.swift */; };
		0555962B27C8217C002CD464 /* Tv.swift in Sources */ = {isa = PBXBuildFile; fileRef = 0555962A27C8217C002CD464 /* Tv.swift */; };
		055E8E1127C7578400725D7C /* HeroHeaderUIView.swift in Sources */ = {isa = PBXBuildFile; fileRef = 055E8E1027C7578400725D7C /* HeroHeaderUIView.swift */; };
		058D7C9727C6CC7F007EE7D7 /* AppDelegate.swift in Sources */ = {isa = PBXBuildFile; fileRef = 058D7C9627C6CC7F007EE7D7 /* AppDelegate.swift */; };
		058D7C9927C6CC7F007EE7D7 /* SceneDelegate.swift in Sources */ = {isa = PBXBuildFile; fileRef = 058D7C9827C6CC7F007EE7D7 /* SceneDelegate.swift */; };
		058D7C9B27C6CC7F007EE7D7 /* MainTabBarVC.swift in Sources */ = {isa = PBXBuildFile; fileRef = 058D7C9A27C6CC7F007EE7D7 /* MainTabBarVC.swift */; };
		058D7CA027C6CC80007EE7D7 /* Assets.xcassets in Resources */ = {isa = PBXBuildFile; fileRef = 058D7C9F27C6CC80007EE7D7 /* Assets.xcassets */; };
		058D7CA327C6CC80007EE7D7 /* LaunchScreen.storyboard in Resources */ = {isa = PBXBuildFile; fileRef = 058D7CA127C6CC80007EE7D7 /* LaunchScreen.storyboard */; };
		058D7CAC27C6CEB3007EE7D7 /* HomeVC.swift in Sources */ = {isa = PBXBuildFile; fileRef = 058D7CAB27C6CEB3007EE7D7 /* HomeVC.swift */; };
		058D7CAE27C6CEE0007EE7D7 /* UpcomingVC.swift in Sources */ = {isa = PBXBuildFile; fileRef = 058D7CAD27C6CEE0007EE7D7 /* UpcomingVC.swift */; };
		058D7CB027C6CEFF007EE7D7 /* SearchVC.swift in Sources */ = {isa = PBXBuildFile; fileRef = 058D7CAF27C6CEFF007EE7D7 /* SearchVC.swift */; };
		058D7CB227C6CF1A007EE7D7 /* DownloadsVC.swift in Sources */ = {isa = PBXBuildFile; fileRef = 058D7CB127C6CF1A007EE7D7 /* DownloadsVC.swift */; };
		058D7CBA27C6D506007EE7D7 /* CollectionViewTableViewCell.swift in Sources */ = {isa = PBXBuildFile; fileRef = 058D7CB927C6D506007EE7D7 /* CollectionViewTableViewCell.swift */; };
/* End PBXBuildFile section */

/* Begin PBXFileReference section */
		0555962427C81333002CD464 /* ApiCaller.swift */ = {isa = PBXFileReference; lastKnownFileType = sourcecode.swift; path = ApiCaller.swift; sourceTree = "<group>"; };
		0555962627C81854002CD464 /* Movie.swift */ = {isa = PBXFileReference; lastKnownFileType = sourcecode.swift; path = Movie.swift; sourceTree = "<group>"; };
		0555962827C81FC5002CD464 /* Extensions.swift */ = {isa = PBXFileReference; lastKnownFileType = sourcecode.swift; path = Extensions.swift; sourceTree = "<group>"; };
		0555962A27C8217C002CD464 /* Tv.swift */ = {isa = PBXFileReference; lastKnownFileType = sourcecode.swift; path = Tv.swift; sourceTree = "<group>"; };
		055E8E1027C7578400725D7C /* HeroHeaderUIView.swift */ = {isa = PBXFileReference; lastKnownFileType = sourcecode.swift; path = HeroHeaderUIView.swift; sourceTree = "<group>"; };
		058D7C9327C6CC7F007EE7D7 /* Netflix Clone.app */ = {isa = PBXFileReference; explicitFileType = wrapper.application; includeInIndex = 0; path = "Netflix Clone.app"; sourceTree = BUILT_PRODUCTS_DIR; };
		058D7C9627C6CC7F007EE7D7 /* AppDelegate.swift */ = {isa = PBXFileReference; lastKnownFileType = sourcecode.swift; path = AppDelegate.swift; sourceTree = "<group>"; };
		058D7C9827C6CC7F007EE7D7 /* SceneDelegate.swift */ = {isa = PBXFileReference; lastKnownFileType = sourcecode.swift; path = SceneDelegate.swift; sourceTree = "<group>"; };
		058D7C9A27C6CC7F007EE7D7 /* MainTabBarVC.swift */ = {isa = PBXFileReference; lastKnownFileType = sourcecode.swift; path = MainTabBarVC.swift; sourceTree = "<group>"; };
		058D7C9F27C6CC80007EE7D7 /* Assets.xcassets */ = {isa = PBXFileReference; lastKnownFileType = folder.assetcatalog; path = Assets.xcassets; sourceTree = "<group>"; };
		058D7CA227C6CC80007EE7D7 /* Base */ = {isa = PBXFileReference; lastKnownFileType = file.storyboard; name = Base; path = Base.lproj/LaunchScreen.storyboard; sourceTree = "<group>"; };
		058D7CA427C6CC80007EE7D7 /* Info.plist */ = {isa = PBXFileReference; lastKnownFileType = text.plist.xml; path = Info.plist; sourceTree = "<group>"; };
		058D7CAB27C6CEB3007EE7D7 /* HomeVC.swift */ = {isa = PBXFileReference; lastKnownFileType = sourcecode.swift; path = HomeVC.swift; sourceTree = "<group>"; };
		058D7CAD27C6CEE0007EE7D7 /* UpcomingVC.swift */ = {isa = PBXFileReference; lastKnownFileType = sourcecode.swift; path = UpcomingVC.swift; sourceTree = "<group>"; };
		058D7CAF27C6CEFF007EE7D7 /* SearchVC.swift */ = {isa = PBXFileReference; lastKnownFileType = sourcecode.swift; path = SearchVC.swift; sourceTree = "<group>"; };
		058D7CB127C6CF1A007EE7D7 /* DownloadsVC.swift */ = {isa = PBXFileReference; lastKnownFileType = sourcecode.swift; path = DownloadsVC.swift; sourceTree = "<group>"; };
		058D7CB927C6D506007EE7D7 /* CollectionViewTableViewCell.swift */ = {isa = PBXFileReference; lastKnownFileType = sourcecode.swift; path = CollectionViewTableViewCell.swift; sourceTree = "<group>"; };
/* End PBXFileReference section */

/* Begin PBXFrameworksBuildPhase section */
		058D7C9027C6CC7F007EE7D7 /* Frameworks */ = {
			isa = PBXFrameworksBuildPhase;
			buildActionMask = 2147483647;
			files = (
			);
			runOnlyForDeploymentPostprocessing = 0;
		};
/* End PBXFrameworksBuildPhase section */

/* Begin PBXGroup section */
		058D7C8A27C6CC7F007EE7D7 = {
			isa = PBXGroup;
			children = (
				058D7C9527C6CC7F007EE7D7 /* Netflix Clone */,
				058D7C9427C6CC7F007EE7D7 /* Products */,
			);
			sourceTree = "<group>";
		};
		058D7C9427C6CC7F007EE7D7 /* Products */ = {
			isa = PBXGroup;
			children = (
				058D7C9327C6CC7F007EE7D7 /* Netflix Clone.app */,
			);
			name = Products;
			sourceTree = "<group>";
		};
		058D7C9527C6CC7F007EE7D7 /* Netflix Clone */ = {
			isa = PBXGroup;
			children = (
				058D7C9627C6CC7F007EE7D7 /* AppDelegate.swift */,
				058D7C9827C6CC7F007EE7D7 /* SceneDelegate.swift */,
				058D7CB827C6D4E1007EE7D7 /* Resources */,
				058D7CB727C6D4D7007EE7D7 /* Managers */,
				058D7CB427C6D48F007EE7D7 /* Models */,
				058D7CB327C6D480007EE7D7 /* Views */,
				058D7CB527C6D494007EE7D7 /* ViewModels */,
				058D7CAA27C6CE86007EE7D7 /* Controllers */,
				058D7C9A27C6CC7F007EE7D7 /* MainTabBarVC.swift */,
				058D7CB627C6D4BF007EE7D7 /* Files */,
			);
			path = "Netflix Clone";
			sourceTree = "<group>";
		};
		058D7CAA27C6CE86007EE7D7 /* Controllers */ = {
			isa = PBXGroup;
			children = (
				058D7CAB27C6CEB3007EE7D7 /* HomeVC.swift */,
				058D7CAD27C6CEE0007EE7D7 /* UpcomingVC.swift */,
				058D7CAF27C6CEFF007EE7D7 /* SearchVC.swift */,
				058D7CB127C6CF1A007EE7D7 /* DownloadsVC.swift */,
			);
			path = Controllers;
			sourceTree = "<group>";
		};
		058D7CB327C6D480007EE7D7 /* Views */ = {
			isa = PBXGroup;
			children = (
				058D7CB927C6D506007EE7D7 /* CollectionViewTableViewCell.swift */,
				055E8E1027C7578400725D7C /* HeroHeaderUIView.swift */,
			);
			path = Views;
			sourceTree = "<group>";
		};
		058D7CB427C6D48F007EE7D7 /* Models */ = {
			isa = PBXGroup;
			children = (
				0555962627C81854002CD464 /* Movie.swift */,
				0555962A27C8217C002CD464 /* Tv.swift */,
			);
			path = Models;
			sourceTree = "<group>";
		};
		058D7CB527C6D494007EE7D7 /* ViewModels */ = {
			isa = PBXGroup;
			children = (
			);
			path = ViewModels;
			sourceTree = "<group>";
		};
		058D7CB627C6D4BF007EE7D7 /* Files */ = {
			isa = PBXGroup;
			children = (
				058D7C9F27C6CC80007EE7D7 /* Assets.xcassets */,
				058D7CA127C6CC80007EE7D7 /* LaunchScreen.storyboard */,
				058D7CA427C6CC80007EE7D7 /* Info.plist */,
			);
			name = Files;
			sourceTree = "<group>";
		};
		058D7CB727C6D4D7007EE7D7 /* Managers */ = {
			isa = PBXGroup;
			children = (
				0555962427C81333002CD464 /* ApiCaller.swift */,
			);
			path = Managers;
			sourceTree = "<group>";
		};
		058D7CB827C6D4E1007EE7D7 /* Resources */ = {
			isa = PBXGroup;
			children = (
				0555962827C81FC5002CD464 /* Extensions.swift */,
			);
			path = Resources;
			sourceTree = "<group>";
		};
/* End PBXGroup section */

/* Begin PBXNativeTarget section */
		058D7C9227C6CC7F007EE7D7 /* Netflix Clone */ = {
			isa = PBXNativeTarget;
			buildConfigurationList = 058D7CA727C6CC80007EE7D7 /* Build configuration list for PBXNativeTarget "Netflix Clone" */;
			buildPhases = (
				058D7C8F27C6CC7F007EE7D7 /* Sources */,
				058D7C9027C6CC7F007EE7D7 /* Frameworks */,
				058D7C9127C6CC7F007EE7D7 /* Resources */,
			);
			buildRules = (
			);
			dependencies = (
			);
			name = "Netflix Clone";
			productName = "Netflix Clone";
			productReference = 058D7C9327C6CC7F007EE7D7 /* Netflix Clone.app */;
			productType = "com.apple.product-type.application";
		};
/* End PBXNativeTarget section */

/* Begin PBXProject section */
		058D7C8B27C6CC7F007EE7D7 /* Project object */ = {
			isa = PBXProject;
			attributes = {
				BuildIndependentTargetsInParallel = 1;
				LastSwiftUpdateCheck = 1320;
				LastUpgradeCheck = 1320;
				ORGANIZATIONNAME = rtrjmishra;
				TargetAttributes = {
					058D7C9227C6CC7F007EE7D7 = {
						CreatedOnToolsVersion = 13.2.1;
					};
				};
			};
			buildConfigurationList = 058D7C8E27C6CC7F007EE7D7 /* Build configuration list for PBXProject "Netflix Clone" */;
			compatibilityVersion = "Xcode 13.0";
			developmentRegion = en;
			hasScannedForEncodings = 0;
			knownRegions = (
				en,
				Base,
			);
			mainGroup = 058D7C8A27C6CC7F007EE7D7;
			productRefGroup = 058D7C9427C6CC7F007EE7D7 /* Products */;
			projectDirPath = "";
			projectRoot = "";
			targets = (
				058D7C9227C6CC7F007EE7D7 /* Netflix Clone */,
			);
		};
/* End PBXProject section */

/* Begin PBXResourcesBuildPhase section */
		058D7C9127C6CC7F007EE7D7 /* Resources */ = {
			isa = PBXResourcesBuildPhase;
			buildActionMask = 2147483647;
			files = (
				058D7CA327C6CC80007EE7D7 /* LaunchScreen.storyboard in Resources */,
				058D7CA027C6CC80007EE7D7 /* Assets.xcassets in Resources */,
			);
			runOnlyForDeploymentPostprocessing = 0;
		};
/* End PBXResourcesBuildPhase section */

/* Begin PBXSourcesBuildPhase section */
		058D7C8F27C6CC7F007EE7D7 /* Sources */ = {
			isa = PBXSourcesBuildPhase;
			buildActionMask = 2147483647;
			files = (
				058D7CB027C6CEFF007EE7D7 /* SearchVC.swift in Sources */,
				058D7C9B27C6CC7F007EE7D7 /* MainTabBarVC.swift in Sources */,
				058D7CBA27C6D506007EE7D7 /* CollectionViewTableViewCell.swift in Sources */,
				055E8E1127C7578400725D7C /* HeroHeaderUIView.swift in Sources */,
				058D7CAC27C6CEB3007EE7D7 /* HomeVC.swift in Sources */,
				058D7C9727C6CC7F007EE7D7 /* AppDelegate.swift in Sources */,
				058D7CB227C6CF1A007EE7D7 /* DownloadsVC.swift in Sources */,
				0555962927C81FC5002CD464 /* Extensions.swift in Sources */,
				058D7CAE27C6CEE0007EE7D7 /* UpcomingVC.swift in Sources */,
				058D7C9927C6CC7F007EE7D7 /* SceneDelegate.swift in Sources */,
				0555962727C81854002CD464 /* Movie.swift in Sources */,
				0555962B27C8217C002CD464 /* Tv.swift in Sources */,
				0555962527C81333002CD464 /* ApiCaller.swift in Sources */,
			);
			runOnlyForDeploymentPostprocessing = 0;
		};
/* End PBXSourcesBuildPhase section */

/* Begin PBXVariantGroup section */
		058D7CA127C6CC80007EE7D7 /* LaunchScreen.storyboard */ = {
			isa = PBXVariantGroup;
			children = (
				058D7CA227C6CC80007EE7D7 /* Base */,
			);
			name = LaunchScreen.storyboard;
			sourceTree = "<group>";
		};
/* End PBXVariantGroup section */

/* Begin XCBuildConfiguration section */
		058D7CA527C6CC80007EE7D7 /* Debug */ = {
			isa = XCBuildConfiguration;
			buildSettings = {
				ALWAYS_SEARCH_USER_PATHS = NO;
				CLANG_ANALYZER_NONNULL = YES;
				CLANG_ANALYZER_NUMBER_OBJECT_CONVERSION = YES_AGGRESSIVE;
				CLANG_CXX_LANGUAGE_STANDARD = "gnu++17";
				CLANG_CXX_LIBRARY = "libc++";
				CLANG_ENABLE_MODULES = YES;
				CLANG_ENABLE_OBJC_ARC = YES;
				CLANG_ENABLE_OBJC_WEAK = YES;
				CLANG_WARN_BLOCK_CAPTURE_AUTORELEASING = YES;
				CLANG_WARN_BOOL_CONVERSION = YES;
				CLANG_WARN_COMMA = YES;
				CLANG_WARN_CONSTANT_CONVERSION = YES;
				CLANG_WARN_DEPRECATED_OBJC_IMPLEMENTATIONS = YES;
				CLANG_WARN_DIRECT_OBJC_ISA_USAGE = YES_ERROR;
				CLANG_WARN_DOCUMENTATION_COMMENTS = YES;
				CLANG_WARN_EMPTY_BODY = YES;
				CLANG_WARN_ENUM_CONVERSION = YES;
				CLANG_WARN_INFINITE_RECURSION = YES;
				CLANG_WARN_INT_CONVERSION = YES;
				CLANG_WARN_NON_LITERAL_NULL_CONVERSION = YES;
				CLANG_WARN_OBJC_IMPLICIT_RETAIN_SELF = YES;
				CLANG_WARN_OBJC_LITERAL_CONVERSION = YES;
				CLANG_WARN_OBJC_ROOT_CLASS = YES_ERROR;
				CLANG_WARN_QUOTED_INCLUDE_IN_FRAMEWORK_HEADER = YES;
				CLANG_WARN_RANGE_LOOP_ANALYSIS = YES;
				CLANG_WARN_STRICT_PROTOTYPES = YES;
				CLANG_WARN_SUSPICIOUS_MOVE = YES;
				CLANG_WARN_UNGUARDED_AVAILABILITY = YES_AGGRESSIVE;
				CLANG_WARN_UNREACHABLE_CODE = YES;
				CLANG_WARN__DUPLICATE_METHOD_MATCH = YES;
				COPY_PHASE_STRIP = NO;
				DEBUG_INFORMATION_FORMAT = dwarf;
				ENABLE_STRICT_OBJC_MSGSEND = YES;
				ENABLE_TESTABILITY = YES;
				GCC_C_LANGUAGE_STANDARD = gnu11;
				GCC_DYNAMIC_NO_PIC = NO;
				GCC_NO_COMMON_BLOCKS = YES;
				GCC_OPTIMIZATION_LEVEL = 0;
				GCC_PREPROCESSOR_DEFINITIONS = (
					"DEBUG=1",
					"$(inherited)",
				);
				GCC_WARN_64_TO_32_BIT_CONVERSION = YES;
				GCC_WARN_ABOUT_RETURN_TYPE = YES_ERROR;
				GCC_WARN_UNDECLARED_SELECTOR = YES;
				GCC_WARN_UNINITIALIZED_AUTOS = YES_AGGRESSIVE;
				GCC_WARN_UNUSED_FUNCTION = YES;
				GCC_WARN_UNUSED_VARIABLE = YES;
				IPHONEOS_DEPLOYMENT_TARGET = 13.0;
				MTL_ENABLE_DEBUG_INFO = INCLUDE_SOURCE;
				MTL_FAST_MATH = YES;
				ONLY_ACTIVE_ARCH = YES;
				SDKROOT = iphoneos;
				SWIFT_ACTIVE_COMPILATION_CONDITIONS = DEBUG;
				SWIFT_OPTIMIZATION_LEVEL = "-Onone";
			};
			name = Debug;
		};
		058D7CA627C6CC80007EE7D7 /* Release */ = {
			isa = XCBuildConfiguration;
			buildSettings = {
				ALWAYS_SEARCH_USER_PATHS = NO;
				CLANG_ANALYZER_NONNULL = YES;
				CLANG_ANALYZER_NUMBER_OBJECT_CONVERSION = YES_AGGRESSIVE;
				CLANG_CXX_LANGUAGE_STANDARD = "gnu++17";
				CLANG_CXX_LIBRARY = "libc++";
				CLANG_ENABLE_MODULES = YES;
				CLANG_ENABLE_OBJC_ARC = YES;
				CLANG_ENABLE_OBJC_WEAK = YES;
				CLANG_WARN_BLOCK_CAPTURE_AUTORELEASING = YES;
				CLANG_WARN_BOOL_CONVERSION = YES;
				CLANG_WARN_COMMA = YES;
				CLANG_WARN_CONSTANT_CONVERSION = YES;
				CLANG_WARN_DEPRECATED_OBJC_IMPLEMENTATIONS = YES;
				CLANG_WARN_DIRECT_OBJC_ISA_USAGE = YES_ERROR;
				CLANG_WARN_DOCUMENTATION_COMMENTS = YES;
				CLANG_WARN_EMPTY_BODY = YES;
				CLANG_WARN_ENUM_CONVERSION = YES;
				CLANG_WARN_INFINITE_RECURSION = YES;
				CLANG_WARN_INT_CONVERSION = YES;
				CLANG_WARN_NON_LITERAL_NULL_CONVERSION = YES;
				CLANG_WARN_OBJC_IMPLICIT_RETAIN_SELF = YES;
				CLANG_WARN_OBJC_LITERAL_CONVERSION = YES;
				CLANG_WARN_OBJC_ROOT_CLASS = YES_ERROR;
				CLANG_WARN_QUOTED_INCLUDE_IN_FRAMEWORK_HEADER = YES;
				CLANG_WARN_RANGE_LOOP_ANALYSIS = YES;
				CLANG_WARN_STRICT_PROTOTYPES = YES;
				CLANG_WARN_SUSPICIOUS_MOVE = YES;
				CLANG_WARN_UNGUARDED_AVAILABILITY = YES_AGGRESSIVE;
				CLANG_WARN_UNREACHABLE_CODE = YES;
				CLANG_WARN__DUPLICATE_METHOD_MATCH = YES;
				COPY_PHASE_STRIP = NO;
				DEBUG_INFORMATION_FORMAT = "dwarf-with-dsym";
				ENABLE_NS_ASSERTIONS = NO;
				ENABLE_STRICT_OBJC_MSGSEND = YES;
				GCC_C_LANGUAGE_STANDARD = gnu11;
				GCC_NO_COMMON_BLOCKS = YES;
				GCC_WARN_64_TO_32_BIT_CONVERSION = YES;
				GCC_WARN_ABOUT_RETURN_TYPE = YES_ERROR;
				GCC_WARN_UNDECLARED_SELECTOR = YES;
				GCC_WARN_UNINITIALIZED_AUTOS = YES_AGGRESSIVE;
				GCC_WARN_UNUSED_FUNCTION = YES;
				GCC_WARN_UNUSED_VARIABLE = YES;
				IPHONEOS_DEPLOYMENT_TARGET = 13.0;
				MTL_ENABLE_DEBUG_INFO = NO;
				MTL_FAST_MATH = YES;
				SDKROOT = iphoneos;
				SWIFT_COMPILATION_MODE = wholemodule;
				SWIFT_OPTIMIZATION_LEVEL = "-O";
				VALIDATE_PRODUCT = YES;
			};
			name = Release;
		};
		058D7CA827C6CC80007EE7D7 /* Debug */ = {
			isa = XCBuildConfiguration;
			buildSettings = {
				ASSETCATALOG_COMPILER_APPICON_NAME = AppIcon;
				ASSETCATALOG_COMPILER_GLOBAL_ACCENT_COLOR_NAME = AccentColor;
				CODE_SIGN_STYLE = Automatic;
				CURRENT_PROJECT_VERSION = 1;
				DEVELOPMENT_TEAM = 26QG9SLJ95;
				GENERATE_INFOPLIST_FILE = YES;
				INFOPLIST_FILE = "Netflix Clone/Info.plist";
				INFOPLIST_KEY_UIApplicationSupportsIndirectInputEvents = YES;
				INFOPLIST_KEY_UILaunchStoryboardName = LaunchScreen;
				INFOPLIST_KEY_UISupportedInterfaceOrientations_iPad = "UIInterfaceOrientationPortrait UIInterfaceOrientationPortraitUpsideDown UIInterfaceOrientationLandscapeLeft UIInterfaceOrientationLandscapeRight";
				INFOPLIST_KEY_UISupportedInterfaceOrientations_iPhone = "UIInterfaceOrientationPortrait UIInterfaceOrientationLandscapeLeft UIInterfaceOrientationLandscapeRight";
				LD_RUNPATH_SEARCH_PATHS = (
					"$(inherited)",
					"@executable_path/Frameworks",
				);
				MARKETING_VERSION = 1.0;
				PRODUCT_BUNDLE_IDENTIFIER = "com.riturajmishra.Netflix-Clone";
				PRODUCT_NAME = "$(TARGET_NAME)";
				SWIFT_EMIT_LOC_STRINGS = YES;
				SWIFT_VERSION = 5.0;
				TARGETED_DEVICE_FAMILY = "1,2";
			};
			name = Debug;
		};
		058D7CA927C6CC80007EE7D7 /* Release */ = {
			isa = XCBuildConfiguration;
			buildSettings = {
				ASSETCATALOG_COMPILER_APPICON_NAME = AppIcon;
				ASSETCATALOG_COMPILER_GLOBAL_ACCENT_COLOR_NAME = AccentColor;
				CODE_SIGN_STYLE = Automatic;
				CURRENT_PROJECT_VERSION = 1;
				DEVELOPMENT_TEAM = 26QG9SLJ95;
				GENERATE_INFOPLIST_FILE = YES;
				INFOPLIST_FILE = "Netflix Clone/Info.plist";
				INFOPLIST_KEY_UIApplicationSupportsIndirectInputEvents = YES;
				INFOPLIST_KEY_UILaunchStoryboardName = LaunchScreen;
				INFOPLIST_KEY_UISupportedInterfaceOrientations_iPad = "UIInterfaceOrientationPortrait UIInterfaceOrientationPortraitUpsideDown UIInterfaceOrientationLandscapeLeft UIInterfaceOrientationLandscapeRight";
				INFOPLIST_KEY_UISupportedInterfaceOrientations_iPhone = "UIInterfaceOrientationPortrait UIInterfaceOrientationLandscapeLeft UIInterfaceOrientationLandscapeRight";
				LD_RUNPATH_SEARCH_PATHS = (
					"$(inherited)",
					"@executable_path/Frameworks",
				);
				MARKETING_VERSION = 1.0;
				PRODUCT_BUNDLE_IDENTIFIER = "com.riturajmishra.Netflix-Clone";
				PRODUCT_NAME = "$(TARGET_NAME)";
				SWIFT_EMIT_LOC_STRINGS = YES;
				SWIFT_VERSION = 5.0;
				TARGETED_DEVICE_FAMILY = "1,2";
			};
			name = Release;
		};
/* End XCBuildConfiguration section */

/* Begin XCConfigurationList section */
		058D7C8E27C6CC7F007EE7D7 /* Build configuration list for PBXProject "Netflix Clone" */ = {
			isa = XCConfigurationList;
			buildConfigurations = (
				058D7CA527C6CC80007EE7D7 /* Debug */,
				058D7CA627C6CC80007EE7D7 /* Release */,
			);
			defaultConfigurationIsVisible = 0;
			defaultConfigurationName = Release;
		};
		058D7CA727C6CC80007EE7D7 /* Build configuration list for PBXNativeTarget "Netflix Clone" */ = {
			isa = XCConfigurationList;
			buildConfigurations = (
				058D7CA827C6CC80007EE7D7 /* Debug */,
				058D7CA927C6CC80007EE7D7 /* Release */,
			);
			defaultConfigurationIsVisible = 0;
			defaultConfigurationName = Release;
		};
/* End XCConfigurationList section */
	};
	rootObject = 058D7C8B27C6CC7F007EE7D7 /* Project object */;
}
