<?xml version="1.0" encoding="UTF-8"?>
<Scheme
   version = "1.3">
   <BuildAction>
      <BuildActionEntries>
         <BuildActionEntry
            buildForRunning = "YES">
            <BuildableReference
               BuildableIdentifier = "primary"
               BlueprintIdentifier = "058D7C9227C6CC7F007EE7D7"
               BuildableName = "Netflix Clone.app"
               BlueprintName = "Netflix Clone"
               ReferencedContainer = "container:Netflix Clone.xcodeproj">
            </BuildableReference>
         </BuildActionEntry>
      </BuildActionEntries>
   </BuildAction>
   <LaunchAction
      useCustomWorkingDirectory = "NO"
      buildConfiguration = "Debug"
      allowLocationSimulation = "YES">
      <BuildableProductRunnable>
         <BuildableReference
            BuildableIdentifier = "primary"
            BlueprintIdentifier = "058D7C9227C6CC7F007EE7D7"
            BuildableName = "Netflix Clone.app"
            BlueprintName = "Netflix Clone"
            ReferencedContainer = "container:Netflix Clone.xcodeproj">
         </BuildableReference>
      </BuildableProductRunnable>
   </LaunchAction>
</Scheme>
